Microsoft Visual Studio Solution File, Format Version 12.00
# Visual Studio Version 16
VisualStudioVersion = 16.0.0.0
MinimumVisualStudioVersion = 16.0.0.0
Project("{9A19103F-16F7-4668-BE54-9A1E7A4F7556}") = "CourseManagerApp.Server", "Server\CourseManagerApp.Server.csproj", "{71177B46-5A87-4120-A76F-0FDFD8D051EC}"
EndProject
Project("{9A19103F-16F7-4668-BE54-9A1E7A4F7556}") = "CourseManagerApp.Client", "Client\CourseManagerApp.Client.csproj", "{A2662BC1-A57E-4E72-B3C4-8782F8582A8A}"
EndProject
Project("{9A19103F-16F7-4668-BE54-9A1E7A4F7556}") = "CourseManagerApp.Shared", "Shared\CourseManagerApp.Shared.csproj", "{4C3D6C01-1F71-4760-B953-3E4100A12DE3}"
EndProject
Global
	GlobalSection(SolutionConfigurationPlatforms) = preSolution
		Debug|Any CPU = Debug|Any CPU
		Debug|x64 = Debug|x64
		Debug|x86 = Debug|x86
		Release|Any CPU = Release|Any CPU
		Release|x64 = Release|x64
		Release|x86 = Release|x86
	EndGlobalSection
	GlobalSection(ProjectConfigurationPlatforms) = postSolution
		{A2662BC1-A57E-4E72-B3C4-8782F8582A8A}.Debug|Any CPU.ActiveCfg = Debug|Any CPU
		{A2662BC1-A57E-4E72-B3C4-8782F8582A8A}.Debug|Any CPU.Build.0 = Debug|Any CPU
		{A2662BC1-A57E-4E72-B3C4-8782F8582A8A}.Debug|x64.ActiveCfg = Debug|Any CPU
		{A2662BC1-A57E-4E72-B3C4-8782F8582A8A}.Debug|x64.Build.0 = Debug|Any CPU
		{A2662BC1-A57E-4E72-B3C4-8782F8582A8A}.Debug|x86.ActiveCfg = Debug|Any CPU
		{A2662BC1-A57E-4E72-B3C4-8782F8582A8A}.Debug|x86.Build.0 = Debug|Any CPU
		{A2662BC1-A57E-4E72-B3C4-8782F8582A8A}.Release|Any CPU.ActiveCfg = Release|Any CPU
		{A2662BC1-A57E-4E72-B3C4-8782F8582A8A}.Release|Any CPU.Build.0 = Release|Any CPU
		{A2662BC1-A57E-4E72-B3C4-8782F8582A8A}.Release|x64.ActiveCfg = Release|Any CPU
		{A2662BC1-A57E-4E72-B3C4-8782F8582A8A}.Release|x64.Build.0 = Release|Any CPU
		{A2662BC1-A57E-4E72-B3C4-8782F8582A8A}.Release|x86.ActiveCfg = Release|Any CPU
		{A2662BC1-A57E-4E72-B3C4-8782F8582A8A}.Release|x86.Build.0 = Release|Any CPU
		{71177B46-5A87-4120-A76F-0FDFD8D051EC}.Debug|Any CPU.ActiveCfg = Debug|Any CPU
		{71177B46-5A87-4120-A76F-0FDFD8D051EC}.Debug|Any CPU.Build.0 = Debug|Any CPU
		{71177B46-5A87-4120-A76F-0FDFD8D051EC}.Debug|x64.ActiveCfg = Debug|Any CPU
		{71177B46-5A87-4120-A76F-0FDFD8D051EC}.Debug|x64.Build.0 = Debug|Any CPU
		{71177B46-5A87-4120-A76F-0FDFD8D051EC}.Debug|x86.ActiveCfg = Debug|Any CPU
		{71177B46-5A87-4120-A76F-0FDFD8D051EC}.Debug|x86.Build.0 = Debug|Any CPU
		{71177B46-5A87-4120-A76F-0FDFD8D051EC}.Release|Any CPU.ActiveCfg = Release|Any CPU
		{71177B46-5A87-4120-A76F-0FDFD8D051EC}.Release|Any CPU.Build.0 = Release|Any CPU
		{71177B46-5A87-4120-A76F-0FDFD8D051EC}.Release|x64.ActiveCfg = Release|Any CPU
		{71177B46-5A87-4120-A76F-0FDFD8D051EC}.Release|x64.Build.0 = Release|Any CPU
		{71177B46-5A87-4120-A76F-0FDFD8D051EC}.Release|x86.ActiveCfg = Release|Any CPU
		{71177B46-5A87-4120-A76F-0FDFD8D051EC}.Release|x86.Build.0 = Release|Any CPU
		{4C3D6C01-1F71-4760-B953-3E4100A12DE3}.Debug|Any CPU.ActiveCfg = Debug|Any CPU
		{4C3D6C01-1F71-4760-B953-3E4100A12DE3}.Debug|Any CPU.Build.0 = Debug|Any CPU
		{4C3D6C01-1F71-4760-B953-3E4100A12DE3}.Debug|x64.ActiveCfg = Debug|Any CPU
		{4C3D6C01-1F71-4760-B953-3E4100A12DE3}.Debug|x64.Build.0 = Debug|Any CPU
		{4C3D6C01-1F71-4760-B953-3E4100A12DE3}.Debug|x86.ActiveCfg = Debug|Any CPU
		{4C3D6C01-1F71-4760-B953-3E4100A12DE3}.Debug|x86.Build.0 = Debug|Any CPU
		{4C3D6C01-1F71-4760-B953-3E4100A12DE3}.Release|Any CPU.ActiveCfg = Release|Any CPU
		{4C3D6C01-1F71-4760-B953-3E4100A12DE3}.Release|Any CPU.Build.0 = Release|Any CPU
		{4C3D6C01-1F71-4760-B953-3E4100A12DE3}.Release|x64.ActiveCfg = Release|Any CPU
		{4C3D6C01-1F71-4760-B953-3E4100A12DE3}.Release|x64.Build.0 = Release|Any CPU
		{4C3D6C01-1F71-4760-B953-3E4100A12DE3}.Release|x86.ActiveCfg = Release|Any CPU
		{4C3D6C01-1F71-4760-B953-3E4100A12DE3}.Release|x86.Build.0 = Release|Any CPU
	EndGlobalSection
	GlobalSection(SolutionProperties) = preSolution
		HideSolutionNode = FALSE
	EndGlobalSection
	GlobalSection(ExtensibilityGlobals) = postSolution
		SolutionGuid = {24D33226-C8C0-412F-BF61-48E898CAA984}
	EndGlobalSection
EndGlobal